
Microsoft Visual Studio Solution File, Format Version 12.00
# Visual Studio Version 17
VisualStudioVersion = 17.4.33122.133
MinimumVisualStudioVersion = 10.0.40219.1
Project("{8BC9CEB8-8B4A-11D0-8D11-00A0C91BC942}") = "OpenGLProject", "OpenGLProject\OpenGLProject.vcxproj", "{4B0272D4-2171-4E53-92A5-E29246DAB7A2}"
EndProject
Global
	GlobalSection(SolutionConfigurationPlatforms) = preSolution
		Debug|x64 = Debug|x64
		Debug|x86 = Debug|x86
		Release|x64 = Release|x64
		Release|x86 = Release|x86
	EndGlobalSection
	GlobalSection(ProjectConfigurationPlatforms) = postSolution
		{4B0272D4-2171-4E53-92A5-E29246DAB7A2}.Debug|x64.ActiveCfg = Debug|x64
		{4B0272D4-2171-4E53-92A5-E29246DAB7A2}.Debug|x64.Build.0 = Debug|x64
		{4B0272D4-2171-4E53-92A5-E29246DAB7A2}.Debug|x86.ActiveCfg = Debug|Win32
		{4B0272D4-2171-4E53-92A5-E29246DAB7A2}.Debug|x86.Build.0 = Debug|Win32
		{4B0272D4-2171-4E53-92A5-E29246DAB7A2}.Release|x64.ActiveCfg = Release|x64
		{4B0272D4-2171-4E53-92A5-E29246DAB7A2}.Release|x64.Build.0 = Release|x64
		{4B0272D4-2171-4E53-92A5-E29246DAB7A2}.Release|x86.ActiveCfg = Release|Win32
		{4B0272D4-2171-4E53-92A5-E29246DAB7A2}.Release|x86.Build.0 = Release|Win32
	EndGlobalSection
	GlobalSection(SolutionProperties) = preSolution
		HideSolutionNode = FALSE
	EndGlobalSection
	GlobalSection(ExtensibilityGlobals) = postSolution
		SolutionGuid = {30F20640-2242-4851-A9A9-557683E7DF6A}
	EndGlobalSection
EndGlobal
